dependencies:
- name: crawler
  repository: file://../crawler
  version: 1.0.0
- name: ui
  repository: file://../ui
  version: 1.0.0
- name: mongodb
  repository: https://charts.bitnami.com/bitnami
  version: 11.2.0
- name: rabbitmq
  repository: https://charts.bitnami.com/bitnami
  version: 10.2.0
- name: kube-prometheus-stack
  repository: https://prometheus-community.github.io/helm-charts
  version: 39.6.0
digest: sha256:8ec2488324cd0f1f6b68a87ce5b856ba483ff1143fe93cd64cfe4726854c652b
generated: "2022-08-16T18:11:43.295327965+03:00"
